// !$*UTF8*$!
{
	archiveVersion = 1;
	classes = {
	};
	objectVersion = 56;
	objects = {

/* Begin PBXBuildFile section */
		4F5D6E4E2AD1AD24009919D0 /* MyPosterApp.swift in Sources */ = {isa = PBXBuildFile; fileRef = 4F5D6E4D2AD1AD24009919D0 /* MyPosterApp.swift */; };
		4F5D6E502AD1AD24009919D0 /* ContentView.swift in Sources */ = {isa = PBXBuildFile; fileRef = 4F5D6E4F2AD1AD24009919D0 /* ContentView.swift */; };
		4F5D6E522AD1AD25009919D0 /* Assets.xcassets in Resources */ = {isa = PBXBuildFile; fileRef = 4F5D6E512AD1AD25009919D0 /* Assets.xcassets */; };
		4F5D6E552AD1AD25009919D0 /* Preview Assets.xcassets in Resources */ = {isa = PBXBuildFile; fileRef = 4F5D6E542AD1AD25009919D0 /* Preview Assets.xcassets */; };
		4F5D6E7C2AD1CC20009919D0 /* MyPosterPlugin.appex in Embed Foundation Extensions */ = {isa = PBXBuildFile; fileRef = 4F5D6E752AD1CC20009919D0 /* MyPosterPlugin.appex */; settings = {ATTRIBUTES = (RemoveHeadersOnCopy, ); }; };
		4F5D6E842AD1CEAF009919D0 /* MyPosterRenderer.m in Sources */ = {isa = PBXBuildFile; fileRef = 4F5D6E832AD1CEAF009919D0 /* MyPosterRenderer.m */; };
		4F5D6EBB2AD298ED009919D0 /* MyPosterPlugin.swift in Sources */ = {isa = PBXBuildFile; fileRef = 4F5D6EBA2AD298ED009919D0 /* MyPosterPlugin.swift */; };
/* End PBXBuildFile section */

/* Begin PBXContainerItemProxy section */
		4F5D6E7A2AD1CC20009919D0 /* PBXContainerItemProxy */ = {
			isa = PBXContainerItemProxy;
			containerPortal = 4F5D6E422AD1AD24009919D0 /* Project object */;
			proxyType = 1;
			remoteGlobalIDString = 4F5D6E742AD1CC20009919D0;
			remoteInfo = MyPosterPlugin;
		};
/* End PBXContainerItemProxy section */

/* Begin PBXCopyFilesBuildPhase section */
		4F5D6E6A2AD1AD97009919D0 /* Embed ExtensionKit Extensions */ = {
			isa = PBXCopyFilesBuildPhase;
			buildActionMask = 2147483647;
			dstPath = "$(EXTENSIONS_FOLDER_PATH)";
			dstSubfolderSpec = 16;
			files = (
			);
			name = "Embed ExtensionKit Extensions";
			runOnlyForDeploymentPostprocessing = 0;
		};
		4F5D6E802AD1CC20009919D0 /* Embed Foundation Extensions */ = {
			isa = PBXCopyFilesBuildPhase;
			buildActionMask = 2147483647;
			dstPath = "";
			dstSubfolderSpec = 13;
			files = (
				4F5D6E7C2AD1CC20009919D0 /* MyPosterPlugin.appex in Embed Foundation Extensions */,
			);
			name = "Embed Foundation Extensions";
			runOnlyForDeploymentPostprocessing = 0;
		};
/* End PBXCopyFilesBuildPhase section */

/* Begin PBXFileReference section */
		4F5D6E4A2AD1AD24009919D0 /* MyPoster.app */ = {isa = PBXFileReference; explicitFileType = wrapper.application; includeInIndex = 0; path = MyPoster.app; sourceTree = BUILT_PRODUCTS_DIR; };
		4F5D6E4D2AD1AD24009919D0 /* MyPosterApp.swift */ = {isa = PBXFileReference; lastKnownFileType = sourcecode.swift; path = MyPosterApp.swift; sourceTree = "<group>"; };
		4F5D6E4F2AD1AD24009919D0 /* ContentView.swift */ = {isa = PBXFileReference; lastKnownFileType = sourcecode.swift; path = ContentView.swift; sourceTree = "<group>"; };
		4F5D6E512AD1AD25009919D0 /* Assets.xcassets */ = {isa = PBXFileReference; lastKnownFileType = folder.assetcatalog; path = Assets.xcassets; sourceTree = "<group>"; };
		4F5D6E542AD1AD25009919D0 /* Preview Assets.xcassets */ = {isa = PBXFileReference; lastKnownFileType = folder.assetcatalog; path = "Preview Assets.xcassets"; sourceTree = "<group>"; };
		4F5D6E6F2AD1CBC0009919D0 /* PosterKit.tbd */ = {isa = PBXFileReference; lastKnownFileType = "sourcecode.text-based-dylib-definition"; path = PosterKit.tbd; sourceTree = "<group>"; };
		4F5D6E752AD1CC20009919D0 /* MyPosterPlugin.appex */ = {isa = PBXFileReference; explicitFileType = "wrapper.app-extension"; includeInIndex = 0; path = MyPosterPlugin.appex; sourceTree = BUILT_PRODUCTS_DIR; };
		4F5D6E792AD1CC20009919D0 /* Info.plist */ = {isa = PBXFileReference; lastKnownFileType = text.plist.xml; path = Info.plist; sourceTree = "<group>"; };
		4F5D6E812AD1CEAF009919D0 /* MyPosterPlugin-Bridging-Header.h */ = {isa = PBXFileReference; lastKnownFileType = sourcecode.c.h; path = "MyPosterPlugin-Bridging-Header.h"; sourceTree = "<group>"; };
		4F5D6E822AD1CEAF009919D0 /* MyPosterRenderer.h */ = {isa = PBXFileReference; lastKnownFileType = sourcecode.c.h; path = MyPosterRenderer.h; sourceTree = "<group>"; };
		4F5D6E832AD1CEAF009919D0 /* MyPosterRenderer.m */ = {isa = PBXFileReference; lastKnownFileType = sourcecode.c.objc; path = MyPosterRenderer.m; sourceTree = "<group>"; };
		4F5D6E852AD1CEED009919D0 /* Makefile */ = {isa = PBXFileReference; lastKnownFileType = sourcecode.make; path = Makefile; sourceTree = "<group>"; };
		4F5D6E872AD1D392009919D0 /* control */ = {isa = PBXFileReference; lastKnownFileType = text; path = control; sourceTree = "<group>"; };
		4F5D6E882AD1D8C8009919D0 /* entitlements.xml */ = {isa = PBXFileReference; lastKnownFileType = text.xml; path = entitlements.xml; sourceTree = "<group>"; };
		4F5D6E892AD1D8D0009919D0 /* entitlements.xml */ = {isa = PBXFileReference; lastKnownFileType = text.xml; path = entitlements.xml; sourceTree = "<group>"; };
		4F5D6E8B2AD28B4E009919D0 /* Makefile */ = {isa = PBXFileReference; lastKnownFileType = sourcecode.make; path = Makefile; sourceTree = "<group>"; };
		4F5D6E8C2AD28B4E009919D0 /* MyPosterPBTweak.plist */ = {isa = PBXFileReference; lastKnownFileType = text.plist; path = MyPosterPBTweak.plist; sourceTree = "<group>"; };
		4F5D6E8D2AD28B4E009919D0 /* init.mm */ = {isa = PBXFileReference; lastKnownFileType = sourcecode.cpp.objcpp; path = init.mm; sourceTree = "<group>"; };
		4F5D6E8E2AD28B4E009919D0 /* README.md */ = {isa = PBXFileReference; lastKnownFileType = net.daringfireball.markdown; path = README.md; sourceTree = "<group>"; };
		4F5D6E8F2AD28B4E009919D0 /* .gitignore */ = {isa = PBXFileReference; lastKnownFileType = text; path = .gitignore; sourceTree = "<group>"; };
		4F5D6EBA2AD298ED009919D0 /* MyPosterPlugin.swift */ = {isa = PBXFileReference; lastKnownFileType = sourcecode.swift; path = MyPosterPlugin.swift; sourceTree = "<group>"; };
/* End PBXFileReference section */

/* Begin PBXFrameworksBuildPhase section */
		4F5D6E472AD1AD24009919D0 /* Frameworks */ = {
			isa = PBXFrameworksBuildPhase;
			buildActionMask = 2147483647;
			files = (
			);
			runOnlyForDeploymentPostprocessing = 0;
		};
		4F5D6E722AD1CC20009919D0 /* Frameworks */ = {
			isa = PBXFrameworksBuildPhase;
			buildActionMask = 2147483647;
			files = (
			);
			runOnlyForDeploymentPostprocessing = 0;
		};
/* End PBXFrameworksBuildPhase section */

/* Begin PBXGroup section */
		4F5D6E412AD1AD24009919D0 = {
			isa = PBXGroup;
			children = (
				4F5D6E852AD1CEED009919D0 /* Makefile */,
				4F5D6E872AD1D392009919D0 /* control */,
				4F5D6E4C2AD1AD24009919D0 /* MyPoster */,
				4F5D6E762AD1CC20009919D0 /* MyPosterPlugin */,
				4F5D6E8A2AD28B4E009919D0 /* MyPosterPBTweak */,
				4F5D6E4B2AD1AD24009919D0 /* Products */,
				4F5D6E6D2AD1CBAF009919D0 /* Frameworks */,
			);
			sourceTree = "<group>";
		};
		4F5D6E4B2AD1AD24009919D0 /* Products */ = {
			isa = PBXGroup;
			children = (
				4F5D6E4A2AD1AD24009919D0 /* MyPoster.app */,
				4F5D6E752AD1CC20009919D0 /* MyPosterPlugin.appex */,
			);
			name = Products;
			sourceTree = "<group>";
		};
		4F5D6E4C2AD1AD24009919D0 /* MyPoster */ = {
			isa = PBXGroup;
			children = (
				4F5D6E4D2AD1AD24009919D0 /* MyPosterApp.swift */,
				4F5D6E4F2AD1AD24009919D0 /* ContentView.swift */,
				4F5D6E882AD1D8C8009919D0 /* entitlements.xml */,
				4F5D6E512AD1AD25009919D0 /* Assets.xcassets */,
				4F5D6E532AD1AD25009919D0 /* Preview Content */,
			);
			path = MyPoster;
			sourceTree = "<group>";
		};
		4F5D6E532AD1AD25009919D0 /* Preview Content */ = {
			isa = PBXGroup;
			children = (
				4F5D6E542AD1AD25009919D0 /* Preview Assets.xcassets */,
			);
			path = "Preview Content";
			sourceTree = "<group>";
		};
		4F5D6E6D2AD1CBAF009919D0 /* Frameworks */ = {
			isa = PBXGroup;
			children = (
				4F5D6E6F2AD1CBC0009919D0 /* PosterKit.tbd */,
			);
			name = Frameworks;
			sourceTree = "<group>";
		};
		4F5D6E762AD1CC20009919D0 /* MyPosterPlugin */ = {
			isa = PBXGroup;
			children = (
				4F5D6E792AD1CC20009919D0 /* Info.plist */,
				4F5D6E892AD1D8D0009919D0 /* entitlements.xml */,
				4F5D6E812AD1CEAF009919D0 /* MyPosterPlugin-Bridging-Header.h */,
				4F5D6EBA2AD298ED009919D0 /* MyPosterPlugin.swift */,
				4F5D6E822AD1CEAF009919D0 /* MyPosterRenderer.h */,
				4F5D6E832AD1CEAF009919D0 /* MyPosterRenderer.m */,
			);
			path = MyPosterPlugin;
			sourceTree = "<group>";
		};
		4F5D6E8A2AD28B4E009919D0 /* MyPosterPBTweak */ = {
			isa = PBXGroup;
			children = (
				4F5D6E8B2AD28B4E009919D0 /* Makefile */,
				4F5D6E8C2AD28B4E009919D0 /* MyPosterPBTweak.plist */,
				4F5D6E8D2AD28B4E009919D0 /* init.mm */,
				4F5D6E8E2AD28B4E009919D0 /* README.md */,
				4F5D6E8F2AD28B4E009919D0 /* .gitignore */,
			);
			path = MyPosterPBTweak;
			sourceTree = "<group>";
		};
/* End PBXGroup section */

/* Begin PBXNativeTarget section */
		4F5D6E492AD1AD24009919D0 /* MyPoster */ = {
			isa = PBXNativeTarget;
			buildConfigurationList = 4F5D6E582AD1AD25009919D0 /* Build configuration list for PBXNativeTarget "MyPoster" */;
			buildPhases = (
				4F5D6E462AD1AD24009919D0 /* Sources */,
				4F5D6E472AD1AD24009919D0 /* Frameworks */,
				4F5D6E482AD1AD24009919D0 /* Resources */,
				4F5D6E6A2AD1AD97009919D0 /* Embed ExtensionKit Extensions */,
				4F5D6E802AD1CC20009919D0 /* Embed Foundation Extensions */,
			);
			buildRules = (
			);
			dependencies = (
				4F5D6E7B2AD1CC20009919D0 /* PBXTargetDependency */,
			);
			name = MyPoster;
			productName = MyPoster;
			productReference = 4F5D6E4A2AD1AD24009919D0 /* MyPoster.app */;
			productType = "com.apple.product-type.application";
		};
		4F5D6E742AD1CC20009919D0 /* MyPosterPlugin */ = {
			isa = PBXNativeTarget;
			buildConfigurationList = 4F5D6E7D2AD1CC20009919D0 /* Build configuration list for PBXNativeTarget "MyPosterPlugin" */;
			buildPhases = (
				4F5D6E712AD1CC20009919D0 /* Sources */,
				4F5D6E722AD1CC20009919D0 /* Frameworks */,
				4F5D6E732AD1CC20009919D0 /* Resources */,
			);
			buildRules = (
			);
			dependencies = (
			);
			name = MyPosterPlugin;
			productName = MyPosterPlugin;
			productReference = 4F5D6E752AD1CC20009919D0 /* MyPosterPlugin.appex */;
			productType = "com.apple.product-type.app-extension";
		};
/* End PBXNativeTarget section */

/* Begin PBXProject section */
		4F5D6E422AD1AD24009919D0 /* Project object */ = {
			isa = PBXProject;
			attributes = {
				BuildIndependentTargetsInParallel = 1;
				LastSwiftUpdateCheck = 1510;
				LastUpgradeCheck = 1510;
				TargetAttributes = {
					4F5D6E492AD1AD24009919D0 = {
						CreatedOnToolsVersion = 15.1;
					};
					4F5D6E742AD1CC20009919D0 = {
						CreatedOnToolsVersion = 15.1;
						LastSwiftMigration = 1510;
					};
				};
			};
			buildConfigurationList = 4F5D6E452AD1AD24009919D0 /* Build configuration list for PBXProject "MyPoster" */;
			compatibilityVersion = "Xcode 14.0";
			developmentRegion = en;
			hasScannedForEncodings = 0;
			knownRegions = (
				en,
				Base,
			);
			mainGroup = 4F5D6E412AD1AD24009919D0;
			productRefGroup = 4F5D6E4B2AD1AD24009919D0 /* Products */;
			projectDirPath = "";
			projectRoot = "";
			targets = (
				4F5D6E492AD1AD24009919D0 /* MyPoster */,
				4F5D6E742AD1CC20009919D0 /* MyPosterPlugin */,
			);
		};
/* End PBXProject section */

/* Begin PBXResourcesBuildPhase section */
		4F5D6E482AD1AD24009919D0 /* Resources */ = {
			isa = PBXResourcesBuildPhase;
			buildActionMask = 2147483647;
			files = (
				4F5D6E552AD1AD25009919D0 /* Preview Assets.xcassets in Resources */,
				4F5D6E522AD1AD25009919D0 /* Assets.xcassets in Resources */,
			);
			runOnlyForDeploymentPostprocessing = 0;
		};
		4F5D6E732AD1CC20009919D0 /* Resources */ = {
			isa = PBXResourcesBuildPhase;
			buildActionMask = 2147483647;
			files = (
			);
			runOnlyForDeploymentPostprocessing = 0;
		};
/* End PBXResourcesBuildPhase section */

/* Begin PBXSourcesBuildPhase section */
		4F5D6E462AD1AD24009919D0 /* Sources */ = {
			isa = PBXSourcesBuildPhase;
			buildActionMask = 2147483647;
			files = (
				4F5D6E502AD1AD24009919D0 /* ContentView.swift in Sources */,
				4F5D6E4E2AD1AD24009919D0 /* MyPosterApp.swift in Sources */,
			);
			runOnlyForDeploymentPostprocessing = 0;
		};
		4F5D6E712AD1CC20009919D0 /* Sources */ = {
			isa = PBXSourcesBuildPhase;
			buildActionMask = 2147483647;
			files = (
				4F5D6E842AD1CEAF009919D0 /* MyPosterRenderer.m in Sources */,
				4F5D6EBB2AD298ED009919D0 /* MyPosterPlugin.swift in Sources */,
			);
			runOnlyForDeploymentPostprocessing = 0;
		};
/* End PBXSourcesBuildPhase section */

/* Begin PBXTargetDependency section */
		4F5D6E7B2AD1CC20009919D0 /* PBXTargetDependency */ = {
			isa = PBXTargetDependency;
			target = 4F5D6E742AD1CC20009919D0 /* MyPosterPlugin */;
			targetProxy = 4F5D6E7A2AD1CC20009919D0 /* PBXContainerItemProxy */;
		};
/* End PBXTargetDependency section */

/* Begin XCBuildConfiguration section */
		4F5D6E562AD1AD25009919D0 /* Debug */ = {
			isa = XCBuildConfiguration;
			buildSettings = {
				ALWAYS_SEARCH_USER_PATHS = NO;
				ASSETCATALOG_COMPILER_GENERATE_SWIFT_ASSET_SYMBOL_EXTENSIONS = YES;
				CLANG_ANALYZER_NONNULL = YES;
				CLANG_ANALYZER_NUMBER_OBJECT_CONVERSION = YES_AGGRESSIVE;
				CLANG_CXX_LANGUAGE_STANDARD = "gnu++20";
				CLANG_ENABLE_MODULES = YES;
				CLANG_ENABLE_OBJC_ARC = YES;
				CLANG_ENABLE_OBJC_WEAK = YES;
				CLANG_WARN_BLOCK_CAPTURE_AUTORELEASING = YES;
				CLANG_WARN_BOOL_CONVERSION = YES;
				CLANG_WARN_COMMA = YES;
				CLANG_WARN_CONSTANT_CONVERSION = YES;
				CLANG_WARN_DEPRECATED_OBJC_IMPLEMENTATIONS = YES;
				CLANG_WARN_DIRECT_OBJC_ISA_USAGE = YES_ERROR;
				CLANG_WARN_DOCUMENTATION_COMMENTS = YES;
				CLANG_WARN_EMPTY_BODY = YES;
				CLANG_WARN_ENUM_CONVERSION = YES;
				CLANG_WARN_INFINITE_RECURSION = YES;
				CLANG_WARN_INT_CONVERSION = YES;
				CLANG_WARN_NON_LITERAL_NULL_CONVERSION = YES;
				CLANG_WARN_OBJC_IMPLICIT_RETAIN_SELF = YES;
				CLANG_WARN_OBJC_LITERAL_CONVERSION = YES;
				CLANG_WARN_OBJC_ROOT_CLASS = YES_ERROR;
				CLANG_WARN_QUOTED_INCLUDE_IN_FRAMEWORK_HEADER = YES;
				CLANG_WARN_RANGE_LOOP_ANALYSIS = YES;
				CLANG_WARN_STRICT_PROTOTYPES = YES;
				CLANG_WARN_SUSPICIOUS_MOVE = YES;
				CLANG_WARN_UNGUARDED_AVAILABILITY = YES_AGGRESSIVE;
				CLANG_WARN_UNREACHABLE_CODE = YES;
				CLANG_WARN__DUPLICATE_METHOD_MATCH = YES;
				COPY_PHASE_STRIP = NO;
				DEBUG_INFORMATION_FORMAT = dwarf;
				ENABLE_STRICT_OBJC_MSGSEND = YES;
				ENABLE_TESTABILITY = YES;
				ENABLE_USER_SCRIPT_SANDBOXING = YES;
				GCC_C_LANGUAGE_STANDARD = gnu17;
				GCC_DYNAMIC_NO_PIC = NO;
				GCC_NO_COMMON_BLOCKS = YES;
				GCC_OPTIMIZATION_LEVEL = 0;
				GCC_PREPROCESSOR_DEFINITIONS = (
					"DEBUG=1",
					"$(inherited)",
				);
				GCC_WARN_64_TO_32_BIT_CONVERSION = YES;
				GCC_WARN_ABOUT_RETURN_TYPE = YES_ERROR;
				GCC_WARN_UNDECLARED_SELECTOR = YES;
				GCC_WARN_UNINITIALIZED_AUTOS = YES_AGGRESSIVE;
				GCC_WARN_UNUSED_FUNCTION = YES;
				GCC_WARN_UNUSED_VARIABLE = YES;
				IPHONEOS_DEPLOYMENT_TARGET = 17.0;
				LOCALIZATION_PREFERS_STRING_CATALOGS = YES;
				MTL_ENABLE_DEBUG_INFO = INCLUDE_SOURCE;
				MTL_FAST_MATH = YES;
				ONLY_ACTIVE_ARCH = YES;
				SDKROOT = iphoneos;
				SWIFT_ACTIVE_COMPILATION_CONDITIONS = "DEBUG $(inherited)";
				SWIFT_OPTIMIZATION_LEVEL = "-Onone";
			};
			name = Debug;
		};
		4F5D6E572AD1AD25009919D0 /* Release */ = {
			isa = XCBuildConfiguration;
			buildSettings = {
				ALWAYS_SEARCH_USER_PATHS = NO;
				ASSETCATALOG_COMPILER_GENERATE_SWIFT_ASSET_SYMBOL_EXTENSIONS = YES;
				CLANG_ANALYZER_NONNULL = YES;
				CLANG_ANALYZER_NUMBER_OBJECT_CONVERSION = YES_AGGRESSIVE;
				CLANG_CXX_LANGUAGE_STANDARD = "gnu++20";
				CLANG_ENABLE_MODULES = YES;
				CLANG_ENABLE_OBJC_ARC = YES;
				CLANG_ENABLE_OBJC_WEAK = YES;
				CLANG_WARN_BLOCK_CAPTURE_AUTORELEASING = YES;
				CLANG_WARN_BOOL_CONVERSION = YES;
				CLANG_WARN_COMMA = YES;
				CLANG_WARN_CONSTANT_CONVERSION = YES;
				CLANG_WARN_DEPRECATED_OBJC_IMPLEMENTATIONS = YES;
				CLANG_WARN_DIRECT_OBJC_ISA_USAGE = YES_ERROR;
				CLANG_WARN_DOCUMENTATION_COMMENTS = YES;
				CLANG_WARN_EMPTY_BODY = YES;
				CLANG_WARN_ENUM_CONVERSION = YES;
				CLANG_WARN_INFINITE_RECURSION = YES;
				CLANG_WARN_INT_CONVERSION = YES;
				CLANG_WARN_NON_LITERAL_NULL_CONVERSION = YES;
				CLANG_WARN_OBJC_IMPLICIT_RETAIN_SELF = YES;
				CLANG_WARN_OBJC_LITERAL_CONVERSION = YES;
				CLANG_WARN_OBJC_ROOT_CLASS = YES_ERROR;
				CLANG_WARN_QUOTED_INCLUDE_IN_FRAMEWORK_HEADER = YES;
				CLANG_WARN_RANGE_LOOP_ANALYSIS = YES;
				CLANG_WARN_STRICT_PROTOTYPES = YES;
				CLANG_WARN_SUSPICIOUS_MOVE = YES;
				CLANG_WARN_UNGUARDED_AVAILABILITY = YES_AGGRESSIVE;
				CLANG_WARN_UNREACHABLE_CODE = YES;
				CLANG_WARN__DUPLICATE_METHOD_MATCH = YES;
				COPY_PHASE_STRIP = NO;
				DEBUG_INFORMATION_FORMAT = "dwarf-with-dsym";
				ENABLE_NS_ASSERTIONS = NO;
				ENABLE_STRICT_OBJC_MSGSEND = YES;
				ENABLE_USER_SCRIPT_SANDBOXING = YES;
				GCC_C_LANGUAGE_STANDARD = gnu17;
				GCC_NO_COMMON_BLOCKS = YES;
				GCC_WARN_64_TO_32_BIT_CONVERSION = YES;
				GCC_WARN_ABOUT_RETURN_TYPE = YES_ERROR;
				GCC_WARN_UNDECLARED_SELECTOR = YES;
				GCC_WARN_UNINITIALIZED_AUTOS = YES_AGGRESSIVE;
				GCC_WARN_UNUSED_FUNCTION = YES;
				GCC_WARN_UNUSED_VARIABLE = YES;
				IPHONEOS_DEPLOYMENT_TARGET = 17.0;
				LOCALIZATION_PREFERS_STRING_CATALOGS = YES;
				MTL_ENABLE_DEBUG_INFO = NO;
				MTL_FAST_MATH = YES;
				SDKROOT = iphoneos;
				SWIFT_COMPILATION_MODE = wholemodule;
				VALIDATE_PRODUCT = YES;
			};
			name = Release;
		};
		4F5D6E592AD1AD25009919D0 /* Debug */ = {
			isa = XCBuildConfiguration;
			buildSettings = {
				ALWAYS_EMBED_SWIFT_STANDARD_LIBRARIES = YES;
				ASSETCATALOG_COMPILER_APPICON_NAME = AppIcon;
				ASSETCATALOG_COMPILER_GLOBAL_ACCENT_COLOR_NAME = AccentColor;
				CODE_SIGN_STYLE = Automatic;
				CURRENT_PROJECT_VERSION = 1;
				DEVELOPMENT_ASSET_PATHS = "\"MyPoster/Preview Content\"";
				DEVELOPMENT_TEAM = P53D29U9LJ;
				ENABLE_PREVIEWS = YES;
				GENERATE_INFOPLIST_FILE = YES;
				INFOPLIST_KEY_UIApplicationSceneManifest_Generation = YES;
				INFOPLIST_KEY_UIApplicationSupportsIndirectInputEvents = YES;
				INFOPLIST_KEY_UILaunchScreen_Generation = YES;
				INFOPLIST_KEY_UISupportedInterfaceOrientations_iPad = "UIInterfaceOrientationPortrait UIInterfaceOrientationPortraitUpsideDown UIInterfaceOrientationLandscapeLeft UIInterfaceOrientationLandscapeRight";
				INFOPLIST_KEY_UISupportedInterfaceOrientations_iPhone = "UIInterfaceOrientationPortrait UIInterfaceOrientationLandscapeLeft UIInterfaceOrientationLandscapeRight";
				LD_RUNPATH_SEARCH_PATHS = (
					"$(inherited)",
					"@executable_path/Frameworks",
				);
				MARKETING_VERSION = 1.0;
				PRODUCT_BUNDLE_IDENTIFIER = com.pookjw.MyPoster;
				PRODUCT_NAME = "$(TARGET_NAME)";
				SWIFT_EMIT_LOC_STRINGS = YES;
				SWIFT_VERSION = 5.0;
				TARGETED_DEVICE_FAMILY = "1,2";
			};
			name = Debug;
		};
		4F5D6E5A2AD1AD25009919D0 /* Release */ = {
			isa = XCBuildConfiguration;
			buildSettings = {
				ALWAYS_EMBED_SWIFT_STANDARD_LIBRARIES = YES;
				ASSETCATALOG_COMPILER_APPICON_NAME = AppIcon;
				ASSETCATALOG_COMPILER_GLOBAL_ACCENT_COLOR_NAME = AccentColor;
				CODE_SIGN_STYLE = Automatic;
				CURRENT_PROJECT_VERSION = 1;
				DEVELOPMENT_ASSET_PATHS = "\"MyPoster/Preview Content\"";
				DEVELOPMENT_TEAM = P53D29U9LJ;
				ENABLE_PREVIEWS = YES;
				GENERATE_INFOPLIST_FILE = YES;
				INFOPLIST_KEY_UIApplicationSceneManifest_Generation = YES;
				INFOPLIST_KEY_UIApplicationSupportsIndirectInputEvents = YES;
				INFOPLIST_KEY_UILaunchScreen_Generation = YES;
				INFOPLIST_KEY_UISupportedInterfaceOrientations_iPad = "UIInterfaceOrientationPortrait UIInterfaceOrientationPortraitUpsideDown UIInterfaceOrientationLandscapeLeft UIInterfaceOrientationLandscapeRight";
				INFOPLIST_KEY_UISupportedInterfaceOrientations_iPhone = "UIInterfaceOrientationPortrait UIInterfaceOrientationLandscapeLeft UIInterfaceOrientationLandscapeRight";
				LD_RUNPATH_SEARCH_PATHS = (
					"$(inherited)",
					"@executable_path/Frameworks",
				);
				MARKETING_VERSION = 1.0;
				PRODUCT_BUNDLE_IDENTIFIER = com.pookjw.MyPoster;
				PRODUCT_NAME = "$(TARGET_NAME)";
				SWIFT_EMIT_LOC_STRINGS = YES;
				SWIFT_VERSION = 5.0;
				TARGETED_DEVICE_FAMILY = "1,2";
			};
			name = Release;
		};
		4F5D6E7E2AD1CC20009919D0 /* Debug */ = {
			isa = XCBuildConfiguration;
			buildSettings = {
				CLANG_ENABLE_MODULES = YES;
				CODE_SIGN_STYLE = Automatic;
				CURRENT_PROJECT_VERSION = 1;
				DEVELOPMENT_TEAM = P53D29U9LJ;
				GENERATE_INFOPLIST_FILE = YES;
				INFOPLIST_FILE = MyPosterPlugin/Info.plist;
				INFOPLIST_KEY_CFBundleDisplayName = MyPosterPlugin;
				INFOPLIST_KEY_NSHumanReadableCopyright = "";
				LD_RUNPATH_SEARCH_PATHS = (
					"$(inherited)",
					"@executable_path/Frameworks",
					"@executable_path/../../Frameworks",
				);
				MARKETING_VERSION = 1.0;
				PRODUCT_BUNDLE_IDENTIFIER = com.pookjw.MyPoster.MyPosterPlugin;
				PRODUCT_NAME = "$(TARGET_NAME)";
				SKIP_INSTALL = YES;
				SWIFT_EMIT_LOC_STRINGS = YES;
				SWIFT_OBJC_BRIDGING_HEADER = "MyPosterPlugin/MyPosterPlugin-Bridging-Header.h";
				SWIFT_OPTIMIZATION_LEVEL = "-Onone";
				SWIFT_VERSION = 5.0;
				TARGETED_DEVICE_FAMILY = "1,2";
			};
			name = Debug;
		};
		4F5D6E7F2AD1CC20009919D0 /* Release */ = {
			isa = XCBuildConfiguration;
			buildSettings = {
				CLANG_ENABLE_MODULES = YES;
				CODE_SIGN_STYLE = Automatic;
				CURRENT_PROJECT_VERSION = 1;
				DEVELOPMENT_TEAM = P53D29U9LJ;
				GENERATE_INFOPLIST_FILE = YES;
				INFOPLIST_FILE = MyPosterPlugin/Info.plist;
				INFOPLIST_KEY_CFBundleDisplayName = MyPosterPlugin;
				INFOPLIST_KEY_NSHumanReadableCopyright = "";
				LD_RUNPATH_SEARCH_PATHS = (
					"$(inherited)",
					"@executable_path/Frameworks",
					"@executable_path/../../Frameworks",
				);
				MARKETING_VERSION = 1.0;
				PRODUCT_BUNDLE_IDENTIFIER = com.pookjw.MyPoster.MyPosterPlugin;
				PRODUCT_NAME = "$(TARGET_NAME)";
				SKIP_INSTALL = YES;
				SWIFT_EMIT_LOC_STRINGS = YES;
				SWIFT_OBJC_BRIDGING_HEADER = "MyPosterPlugin/MyPosterPlugin-Bridging-Header.h";
				SWIFT_VERSION = 5.0;
				TARGETED_DEVICE_FAMILY = "1,2";
			};
			name = Release;
		};
/* End XCBuildConfiguration section */

/* Begin XCConfigurationList section */
		4F5D6E452AD1AD24009919D0 /* Build configuration list for PBXProject "MyPoster" */ = {
			isa = XCConfigurationList;
			buildConfigurations = (
				4F5D6E562AD1AD25009919D0 /* Debug */,
				4F5D6E572AD1AD25009919D0 /* Release */,
			);
			defaultConfigurationIsVisible = 0;
			defaultConfigurationName = Release;
		};
		4F5D6E582AD1AD25009919D0 /* Build configuration list for PBXNativeTarget "MyPoster" */ = {
			isa = XCConfigurationList;
			buildConfigurations = (
				4F5D6E592AD1AD25009919D0 /* Debug */,
				4F5D6E5A2AD1AD25009919D0 /* Release */,
			);
			defaultConfigurationIsVisible = 0;
			defaultConfigurationName = Release;
		};
		4F5D6E7D2AD1CC20009919D0 /* Build configuration list for PBXNativeTarget "MyPosterPlugin" */ = {
			isa = XCConfigurationList;
			buildConfigurations = (
				4F5D6E7E2AD1CC20009919D0 /* Debug */,
				4F5D6E7F2AD1CC20009919D0 /* Release */,
			);
			defaultConfigurationIsVisible = 0;
			defaultConfigurationName = Release;
		};
/* End XCConfigurationList section */
	};
	rootObject = 4F5D6E422AD1AD24009919D0 /* Project object */;
}
